
Microsoft Visual Studio Solution File, Format Version 10.00
# Visual Studio 2008
Project("{8BC9CEB8-8B4A-11D0-8D11-00A0C91BC942}") = "mojoshell", "mojoshell.vcproj", "{F8FF9DDD-E40B-4903-A1B3-2ECE15923E2F}"
EndProject
Global
	GlobalSection(SolutionConfigurationPlatforms) = preSolution
		Debug|Win32 = Debug|Win32
		Release|Win32 = Release|Win32
	EndGlobalSection
	GlobalSection(ProjectConfigurationPlatforms) = postSolution
		{F8FF9DDD-E40B-4903-A1B3-2ECE15923E2F}.Debug|Win32.ActiveCfg = Debug|Win32
		{F8FF9DDD-E40B-4903-A1B3-2ECE15923E2F}.Debug|Win32.Build.0 = Debug|Win32
		{F8FF9DDD-E40B-4903-A1B3-2ECE15923E2F}.Release|Win32.ActiveCfg = Release|Win32
		{F8FF9DDD-E40B-4903-A1B3-2ECE15923E2F}.Release|Win32.Build.0 = Release|Win32
	EndGlobalSection
	GlobalSection(SolutionProperties) = preSolution
		HideSolutionNode = FALSE
	EndGlobalSection
EndGlobal
